// !$*UTF8*$!
{
	archiveVersion = 1;
	classes = {
	};
	objectVersion = 50;
	objects = {

/* Begin PBXBuildFile section */
		1883E83226E665EA006FF620 /* AppDelegate.swift in Sources */ = {isa = PBXBuildFile; fileRef = 1883E83126E665EA006FF620 /* AppDelegate.swift */; };
		1883E83426E665EA006FF620 /* SceneDelegate.swift in Sources */ = {isa = PBXBuildFile; fileRef = 1883E83326E665EA006FF620 /* SceneDelegate.swift */; };
		1883E83626E665EA006FF620 /* ViewController.swift in Sources */ = {isa = PBXBuildFile; fileRef = 1883E83526E665EA006FF620 /* ViewController.swift */; };
		1883E83926E665EA006FF620 /* Main.storyboard in Resources */ = {isa = PBXBuildFile; fileRef = 1883E83726E665EA006FF620 /* Main.storyboard */; };
		1883E83B26E665EB006FF620 /* Assets.xcassets in Resources */ = {isa = PBXBuildFile; fileRef = 1883E83A26E665EB006FF620 /* Assets.xcassets */; };
		1883E83E26E665EB006FF620 /* LaunchScreen.storyboard in Resources */ = {isa = PBXBuildFile; fileRef = 1883E83C26E665EB006FF620 /* LaunchScreen.storyboard */; };
		1883E84926E665EB006FF620 /* Test3Tests.swift in Sources */ = {isa = PBXBuildFile; fileRef = 1883E84826E665EB006FF620 /* Test3Tests.swift */; };
		1883E85426E665EB006FF620 /* Test3UITests.swift in Sources */ = {isa = PBXBuildFile; fileRef = 1883E85326E665EB006FF620 /* Test3UITests.swift */; };
/* End PBXBuildFile section */

/* Begin PBXContainerItemProxy section */
		1883E84526E665EB006FF620 /* PBXContainerItemProxy */ = {
			isa = PBXContainerItemProxy;
			containerPortal = 1883E82626E665EA006FF620 /* Project object */;
			proxyType = 1;
			remoteGlobalIDString = 1883E82D26E665EA006FF620;
			remoteInfo = Test3;
		};
		1883E85026E665EB006FF620 /* PBXContainerItemProxy */ = {
			isa = PBXContainerItemProxy;
			containerPortal = 1883E82626E665EA006FF620 /* Project object */;
			proxyType = 1;
			remoteGlobalIDString = 1883E82D26E665EA006FF620;
			remoteInfo = Test3;
		};
/* End PBXContainerItemProxy section */

/* Begin PBXFileReference section */
		1883E82E26E665EA006FF620 /* Test3.app */ = {isa = PBXFileReference; explicitFileType = wrapper.application; includeInIndex = 0; path = Test3.app; sourceTree = BUILT_PRODUCTS_DIR; };
		1883E83126E665EA006FF620 /* AppDelegate.swift */ = {isa = PBXFileReference; lastKnownFileType = sourcecode.swift; path = AppDelegate.swift; sourceTree = "<group>"; };
		1883E83326E665EA006FF620 /* SceneDelegate.swift */ = {isa = PBXFileReference; lastKnownFileType = sourcecode.swift; path = SceneDelegate.swift; sourceTree = "<group>"; };
		1883E83526E665EA006FF620 /* ViewController.swift */ = {isa = PBXFileReference; lastKnownFileType = sourcecode.swift; path = ViewController.swift; sourceTree = "<group>"; };
		1883E83826E665EA006FF620 /* Base */ = {isa = PBXFileReference; lastKnownFileType = file.storyboard; name = Base; path = Base.lproj/Main.storyboard; sourceTree = "<group>"; };
		1883E83A26E665EB006FF620 /* Assets.xcassets */ = {isa = PBXFileReference; lastKnownFileType = folder.assetcatalog; path = Assets.xcassets; sourceTree = "<group>"; };
		1883E83D26E665EB006FF620 /* Base */ = {isa = PBXFileReference; lastKnownFileType = file.storyboard; name = Base; path = Base.lproj/LaunchScreen.storyboard; sourceTree = "<group>"; };
		1883E83F26E665EB006FF620 /* Info.plist */ = {isa = PBXFileReference; lastKnownFileType = text.plist.xml; path = Info.plist; sourceTree = "<group>"; };
		1883E84426E665EB006FF620 /* Test3Tests.xctest */ = {isa = PBXFileReference; explicitFileType = wrapper.cfbundle; includeInIndex = 0; path = Test3Tests.xctest; sourceTree = BUILT_PRODUCTS_DIR; };
		1883E84826E665EB006FF620 /* Test3Tests.swift */ = {isa = PBXFileReference; lastKnownFileType = sourcecode.swift; path = Test3Tests.swift; sourceTree = "<group>"; };
		1883E84A26E665EB006FF620 /* Info.plist */ = {isa = PBXFileReference; lastKnownFileType = text.plist.xml; path = Info.plist; sourceTree = "<group>"; };
		1883E84F26E665EB006FF620 /* Test3UITests.xctest */ = {isa = PBXFileReference; explicitFileType = wrapper.cfbundle; includeInIndex = 0; path = Test3UITests.xctest; sourceTree = BUILT_PRODUCTS_DIR; };
		1883E85326E665EB006FF620 /* Test3UITests.swift */ = {isa = PBXFileReference; lastKnownFileType = sourcecode.swift; path = Test3UITests.swift; sourceTree = "<group>"; };
		1883E85526E665EB006FF620 /* Info.plist */ = {isa = PBXFileReference; lastKnownFileType = text.plist.xml; path = Info.plist; sourceTree = "<group>"; };
/* End PBXFileReference section */

/* Begin PBXFrameworksBuildPhase section */
		1883E82B26E665EA006FF620 /* Frameworks */ = {
			isa = PBXFrameworksBuildPhase;
			buildActionMask = 2147483647;
			files = (
			);
			runOnlyForDeploymentPostprocessing = 0;
		};
		1883E84126E665EB006FF620 /* Frameworks */ = {
			isa = PBXFrameworksBuildPhase;
			buildActionMask = 2147483647;
			files = (
			);
			runOnlyForDeploymentPostprocessing = 0;
		};
		1883E84C26E665EB006FF620 /* Frameworks */ = {
			isa = PBXFrameworksBuildPhase;
			buildActionMask = 2147483647;
			files = (
			);
			runOnlyForDeploymentPostprocessing = 0;
		};
/* End PBXFrameworksBuildPhase section */

/* Begin PBXGroup section */
		1883E82526E665EA006FF620 = {
			isa = PBXGroup;
			children = (
				1883E83026E665EA006FF620 /* Test3 */,
				1883E84726E665EB006FF620 /* Test3Tests */,
				1883E85226E665EB006FF620 /* Test3UITests */,
				1883E82F26E665EA006FF620 /* Products */,
			);
			sourceTree = "<group>";
		};
		1883E82F26E665EA006FF620 /* Products */ = {
			isa = PBXGroup;
			children = (
				1883E82E26E665EA006FF620 /* Test3.app */,
				1883E84426E665EB006FF620 /* Test3Tests.xctest */,
				1883E84F26E665EB006FF620 /* Test3UITests.xctest */,
			);
			name = Products;
			sourceTree = "<group>";
		};
		1883E83026E665EA006FF620 /* Test3 */ = {
			isa = PBXGroup;
			children = (
				1883E83126E665EA006FF620 /* AppDelegate.swift */,
				1883E83326E665EA006FF620 /* SceneDelegate.swift */,
				1883E83526E665EA006FF620 /* ViewController.swift */,
				1883E83726E665EA006FF620 /* Main.storyboard */,
				1883E83A26E665EB006FF620 /* Assets.xcassets */,
				1883E83C26E665EB006FF620 /* LaunchScreen.storyboard */,
				1883E83F26E665EB006FF620 /* Info.plist */,
			);
			path = Test3;
			sourceTree = "<group>";
		};
		1883E84726E665EB006FF620 /* Test3Tests */ = {
			isa = PBXGroup;
			children = (
				1883E84826E665EB006FF620 /* Test3Tests.swift */,
				1883E84A26E665EB006FF620 /* Info.plist */,
			);
			path = Test3Tests;
			sourceTree = "<group>";
		};
		1883E85226E665EB006FF620 /* Test3UITests */ = {
			isa = PBXGroup;
			children = (
				1883E85326E665EB006FF620 /* Test3UITests.swift */,
				1883E85526E665EB006FF620 /* Info.plist */,
			);
			path = Test3UITests;
			sourceTree = "<group>";
		};
/* End PBXGroup section */

/* Begin PBXNativeTarget section */
		1883E82D26E665EA006FF620 /* Test3 */ = {
			isa = PBXNativeTarget;
			buildConfigurationList = 1883E85826E665EB006FF620 /* Build configuration list for PBXNativeTarget "Test3" */;
			buildPhases = (
				1883E82A26E665EA006FF620 /* Sources */,
				1883E82B26E665EA006FF620 /* Frameworks */,
				1883E82C26E665EA006FF620 /* Resources */,
			);
			buildRules = (
			);
			dependencies = (
			);
			name = Test3;
			productName = Test3;
			productReference = 1883E82E26E665EA006FF620 /* Test3.app */;
			productType = "com.apple.product-type.application";
		};
		1883E84326E665EB006FF620 /* Test3Tests */ = {
			isa = PBXNativeTarget;
			buildConfigurationList = 1883E85B26E665EB006FF620 /* Build configuration list for PBXNativeTarget "Test3Tests" */;
			buildPhases = (
				1883E84026E665EB006FF620 /* Sources */,
				1883E84126E665EB006FF620 /* Frameworks */,
				1883E84226E665EB006FF620 /* Resources */,
			);
			buildRules = (
			);
			dependencies = (
				1883E84626E665EB006FF620 /* PBXTargetDependency */,
			);
			name = Test3Tests;
			productName = Test3Tests;
			productReference = 1883E84426E665EB006FF620 /* Test3Tests.xctest */;
			productType = "com.apple.product-type.bundle.unit-test";
		};
		1883E84E26E665EB006FF620 /* Test3UITests */ = {
			isa = PBXNativeTarget;
			buildConfigurationList = 1883E85E26E665EB006FF620 /* Build configuration list for PBXNativeTarget "Test3UITests" */;
			buildPhases = (
				1883E84B26E665EB006FF620 /* Sources */,
				1883E84C26E665EB006FF620 /* Frameworks */,
				1883E84D26E665EB006FF620 /* Resources */,
			);
			buildRules = (
			);
			dependencies = (
				1883E85126E665EB006FF620 /* PBXTargetDependency */,
			);
			name = Test3UITests;
			productName = Test3UITests;
			productReference = 1883E84F26E665EB006FF620 /* Test3UITests.xctest */;
			productType = "com.apple.product-type.bundle.ui-testing";
		};
/* End PBXNativeTarget section */

/* Begin PBXProject section */
		1883E82626E665EA006FF620 /* Project object */ = {
			isa = PBXProject;
			attributes = {
				LastSwiftUpdateCheck = 1250;
				LastUpgradeCheck = 1250;
				TargetAttributes = {
					1883E82D26E665EA006FF620 = {
						CreatedOnToolsVersion = 12.5.1;
					};
					1883E84326E665EB006FF620 = {
						CreatedOnToolsVersion = 12.5.1;
						TestTargetID = 1883E82D26E665EA006FF620;
					};
					1883E84E26E665EB006FF620 = {
						CreatedOnToolsVersion = 12.5.1;
						TestTargetID = 1883E82D26E665EA006FF620;
					};
				};
			};
			buildConfigurationList = 1883E82926E665EA006FF620 /* Build configuration list for PBXProject "Test3" */;
			compatibilityVersion = "Xcode 9.3";
			developmentRegion = en;
			hasScannedForEncodings = 0;
			knownRegions = (
				en,
				Base,
			);
			mainGroup = 1883E82526E665EA006FF620;
			productRefGroup = 1883E82F26E665EA006FF620 /* Products */;
			projectDirPath = "";
			projectRoot = "";
			targets = (
				1883E82D26E665EA006FF620 /* Test3 */,
				1883E84326E665EB006FF620 /* Test3Tests */,
				1883E84E26E665EB006FF620 /* Test3UITests */,
			);
		};
/* End PBXProject section */

/* Begin PBXResourcesBuildPhase section */
		1883E82C26E665EA006FF620 /* Resources */ = {
			isa = PBXResourcesBuildPhase;
			buildActionMask = 2147483647;
			files = (
				1883E83E26E665EB006FF620 /* LaunchScreen.storyboard in Resources */,
				1883E83B26E665EB006FF620 /* Assets.xcassets in Resources */,
				1883E83926E665EA006FF620 /* Main.storyboard in Resources */,
			);
			runOnlyForDeploymentPostprocessing = 0;
		};
		1883E84226E665EB006FF620 /* Resources */ = {
			isa = PBXResourcesBuildPhase;
			buildActionMask = 2147483647;
			files = (
			);
			runOnlyForDeploymentPostprocessing = 0;
		};
		1883E84D26E665EB006FF620 /* Resources */ = {
			isa = PBXResourcesBuildPhase;
			buildActionMask = 2147483647;
			files = (
			);
			runOnlyForDeploymentPostprocessing = 0;
		};
/* End PBXResourcesBuildPhase section */

/* Begin PBXSourcesBuildPhase section */
		1883E82A26E665EA006FF620 /* Sources */ = {
			isa = PBXSourcesBuildPhase;
			buildActionMask = 2147483647;
			files = (
				1883E83626E665EA006FF620 /* ViewController.swift in Sources */,
				1883E83226E665EA006FF620 /* AppDelegate.swift in Sources */,
				1883E83426E665EA006FF620 /* SceneDelegate.swift in Sources */,
			);
			runOnlyForDeploymentPostprocessing = 0;
		};
		1883E84026E665EB006FF620 /* Sources */ = {
			isa = PBXSourcesBuildPhase;
			buildActionMask = 2147483647;
			files = (
				1883E84926E665EB006FF620 /* Test3Tests.swift in Sources */,
			);
			runOnlyForDeploymentPostprocessing = 0;
		};
		1883E84B26E665EB006FF620 /* Sources */ = {
			isa = PBXSourcesBuildPhase;
			buildActionMask = 2147483647;
			files = (
				1883E85426E665EB006FF620 /* Test3UITests.swift in Sources */,
			);
			runOnlyForDeploymentPostprocessing = 0;
		};
/* End PBXSourcesBuildPhase section */

/* Begin PBXTargetDependency section */
		1883E84626E665EB006FF620 /* PBXTargetDependency */ = {
			isa = PBXTargetDependency;
			target = 1883E82D26E665EA006FF620 /* Test3 */;
			targetProxy = 1883E84526E665EB006FF620 /* PBXContainerItemProxy */;
		};
		1883E85126E665EB006FF620 /* PBXTargetDependency */ = {
			isa = PBXTargetDependency;
			target = 1883E82D26E665EA006FF620 /* Test3 */;
			targetProxy = 1883E85026E665EB006FF620 /* PBXContainerItemProxy */;
		};
/* End PBXTargetDependency section */

/* Begin PBXVariantGroup section */
		1883E83726E665EA006FF620 /* Main.storyboard */ = {
			isa = PBXVariantGroup;
			children = (
				1883E83826E665EA006FF620 /* Base */,
			);
			name = Main.storyboard;
			sourceTree = "<group>";
		};
		1883E83C26E665EB006FF620 /* LaunchScreen.storyboard */ = {
			isa = PBXVariantGroup;
			children = (
				1883E83D26E665EB006FF620 /* Base */,
			);
			name = LaunchScreen.storyboard;
			sourceTree = "<group>";
		};
/* End PBXVariantGroup section */

/* Begin XCBuildConfiguration section */
		1883E85626E665EB006FF620 /* Debug */ = {
			isa = XCBuildConfiguration;
			buildSettings = {
				ALWAYS_SEARCH_USER_PATHS = NO;
				CLANG_ANALYZER_NONNULL = YES;
				CLANG_ANALYZER_NUMBER_OBJECT_CONVERSION = YES_AGGRESSIVE;
				CLANG_CXX_LANGUAGE_STANDARD = "gnu++14";
				CLANG_CXX_LIBRARY = "libc++";
				CLANG_ENABLE_MODULES = YES;
				CLANG_ENABLE_OBJC_ARC = YES;
				CLANG_ENABLE_OBJC_WEAK = YES;
				CLANG_WARN_BLOCK_CAPTURE_AUTORELEASING = YES;
				CLANG_WARN_BOOL_CONVERSION = YES;
				CLANG_WARN_COMMA = YES;
				CLANG_WARN_CONSTANT_CONVERSION = YES;
				CLANG_WARN_DEPRECATED_OBJC_IMPLEMENTATIONS = YES;
				CLANG_WARN_DIRECT_OBJC_ISA_USAGE = YES_ERROR;
				CLANG_WARN_DOCUMENTATION_COMMENTS = YES;
				CLANG_WARN_EMPTY_BODY = YES;
				CLANG_WARN_ENUM_CONVERSION = YES;
				CLANG_WARN_INFINITE_RECURSION = YES;
				CLANG_WARN_INT_CONVERSION = YES;
				CLANG_WARN_NON_LITERAL_NULL_CONVERSION = YES;
				CLANG_WARN_OBJC_IMPLICIT_RETAIN_SELF = YES;
				CLANG_WARN_OBJC_LITERAL_CONVERSION = YES;
				CLANG_WARN_OBJC_ROOT_CLASS = YES_ERROR;
				CLANG_WARN_QUOTED_INCLUDE_IN_FRAMEWORK_HEADER = YES;
				CLANG_WARN_RANGE_LOOP_ANALYSIS = YES;
				CLANG_WARN_STRICT_PROTOTYPES = YES;
				CLANG_WARN_SUSPICIOUS_MOVE = YES;
				CLANG_WARN_UNGUARDED_AVAILABILITY = YES_AGGRESSIVE;
				CLANG_WARN_UNREACHABLE_CODE = YES;
				CLANG_WARN__DUPLICATE_METHOD_MATCH = YES;
				COPY_PHASE_STRIP = NO;
				DEBUG_INFORMATION_FORMAT = dwarf;
				ENABLE_STRICT_OBJC_MSGSEND = YES;
				ENABLE_TESTABILITY = YES;
				GCC_C_LANGUAGE_STANDARD = gnu11;
				GCC_DYNAMIC_NO_PIC = NO;
				GCC_NO_COMMON_BLOCKS = YES;
				GCC_OPTIMIZATION_LEVEL = 0;
				GCC_PREPROCESSOR_DEFINITIONS = (
					"DEBUG=1",
					"$(inherited)",
				);
				GCC_WARN_64_TO_32_BIT_CONVERSION = YES;
				GCC_WARN_ABOUT_RETURN_TYPE = YES_ERROR;
				GCC_WARN_UNDECLARED_SELECTOR = YES;
				GCC_WARN_UNINITIALIZED_AUTOS = YES_AGGRESSIVE;
				GCC_WARN_UNUSED_FUNCTION = YES;
				GCC_WARN_UNUSED_VARIABLE = YES;
				IPHONEOS_DEPLOYMENT_TARGET = 14.5;
				MTL_ENABLE_DEBUG_INFO = INCLUDE_SOURCE;
				MTL_FAST_MATH = YES;
				ONLY_ACTIVE_ARCH = YES;
				SDKROOT = iphoneos;
				SWIFT_ACTIVE_COMPILATION_CONDITIONS = DEBUG;
				SWIFT_OPTIMIZATION_LEVEL = "-Onone";
			};
			name = Debug;
		};
		1883E85726E665EB006FF620 /* Release */ = {
			isa = XCBuildConfiguration;
			buildSettings = {
				ALWAYS_SEARCH_USER_PATHS = NO;
				CLANG_ANALYZER_NONNULL = YES;
				CLANG_ANALYZER_NUMBER_OBJECT_CONVERSION = YES_AGGRESSIVE;
				CLANG_CXX_LANGUAGE_STANDARD = "gnu++14";
				CLANG_CXX_LIBRARY = "libc++";
				CLANG_ENABLE_MODULES = YES;
				CLANG_ENABLE_OBJC_ARC = YES;
				CLANG_ENABLE_OBJC_WEAK = YES;
				CLANG_WARN_BLOCK_CAPTURE_AUTORELEASING = YES;
				CLANG_WARN_BOOL_CONVERSION = YES;
				CLANG_WARN_COMMA = YES;
				CLANG_WARN_CONSTANT_CONVERSION = YES;
				CLANG_WARN_DEPRECATED_OBJC_IMPLEMENTATIONS = YES;
				CLANG_WARN_DIRECT_OBJC_ISA_USAGE = YES_ERROR;
				CLANG_WARN_DOCUMENTATION_COMMENTS = YES;
				CLANG_WARN_EMPTY_BODY = YES;
				CLANG_WARN_ENUM_CONVERSION = YES;
				CLANG_WARN_INFINITE_RECURSION = YES;
				CLANG_WARN_INT_CONVERSION = YES;
				CLANG_WARN_NON_LITERAL_NULL_CONVERSION = YES;
				CLANG_WARN_OBJC_IMPLICIT_RETAIN_SELF = YES;
				CLANG_WARN_OBJC_LITERAL_CONVERSION = YES;
				CLANG_WARN_OBJC_ROOT_CLASS = YES_ERROR;
				CLANG_WARN_QUOTED_INCLUDE_IN_FRAMEWORK_HEADER = YES;
				CLANG_WARN_RANGE_LOOP_ANALYSIS = YES;
				CLANG_WARN_STRICT_PROTOTYPES = YES;
				CLANG_WARN_SUSPICIOUS_MOVE = YES;
				CLANG_WARN_UNGUARDED_AVAILABILITY = YES_AGGRESSIVE;
				CLANG_WARN_UNREACHABLE_CODE = YES;
				CLANG_WARN__DUPLICATE_METHOD_MATCH = YES;
				COPY_PHASE_STRIP = NO;
				DEBUG_INFORMATION_FORMAT = "dwarf-with-dsym";
				ENABLE_NS_ASSERTIONS = NO;
				ENABLE_STRICT_OBJC_MSGSEND = YES;
				GCC_C_LANGUAGE_STANDARD = gnu11;
				GCC_NO_COMMON_BLOCKS = YES;
				GCC_WARN_64_TO_32_BIT_CONVERSION = YES;
				GCC_WARN_ABOUT_RETURN_TYPE = YES_ERROR;
				GCC_WARN_UNDECLARED_SELECTOR = YES;
				GCC_WARN_UNINITIALIZED_AUTOS = YES_AGGRESSIVE;
				GCC_WARN_UNUSED_FUNCTION = YES;
				GCC_WARN_UNUSED_VARIABLE = YES;
				IPHONEOS_DEPLOYMENT_TARGET = 14.5;
				MTL_ENABLE_DEBUG_INFO = NO;
				MTL_FAST_MATH = YES;
				SDKROOT = iphoneos;
				SWIFT_COMPILATION_MODE = wholemodule;
				SWIFT_OPTIMIZATION_LEVEL = "-O";
				VALIDATE_PRODUCT = YES;
			};
			name = Release;
		};
		1883E85926E665EB006FF620 /* Debug */ = {
			isa = XCBuildConfiguration;
			buildSettings = {
				ASSETCATALOG_COMPILER_APPICON_NAME = AppIcon;
				ASSETCATALOG_COMPILER_GLOBAL_ACCENT_COLOR_NAME = AccentColor;
				CODE_SIGN_STYLE = Automatic;
				DEVELOPMENT_TEAM = BA655UHKCD;
				INFOPLIST_FILE = Test3/Info.plist;
				LD_RUNPATH_SEARCH_PATHS = (
					"$(inherited)",
					"@executable_path/Frameworks",
				);
				PRODUCT_BUNDLE_IDENTIFIER = com.FPP.Test3;
				PRODUCT_NAME = "$(TARGET_NAME)";
				SWIFT_VERSION = 5.0;
				TARGETED_DEVICE_FAMILY = "1,2";
			};
			name = Debug;
		};
		1883E85A26E665EB006FF620 /* Release */ = {
			isa = XCBuildConfiguration;
			buildSettings = {
				ASSETCATALOG_COMPILER_APPICON_NAME = AppIcon;
				ASSETCATALOG_COMPILER_GLOBAL_ACCENT_COLOR_NAME = AccentColor;
				CODE_SIGN_STYLE = Automatic;
				DEVELOPMENT_TEAM = BA655UHKCD;
				INFOPLIST_FILE = Test3/Info.plist;
				LD_RUNPATH_SEARCH_PATHS = (
					"$(inherited)",
					"@executable_path/Frameworks",
				);
				PRODUCT_BUNDLE_IDENTIFIER = com.FPP.Test3;
				PRODUCT_NAME = "$(TARGET_NAME)";
				SWIFT_VERSION = 5.0;
				TARGETED_DEVICE_FAMILY = "1,2";
			};
			name = Release;
		};
		1883E85C26E665EB006FF620 /* Debug */ = {
			isa = XCBuildConfiguration;
			buildSettings = {
				ALWAYS_EMBED_SWIFT_STANDARD_LIBRARIES = YES;
				BUNDLE_LOADER = "$(TEST_HOST)";
				CODE_SIGN_STYLE = Automatic;
				DEVELOPMENT_TEAM = BA655UHKCD;
				INFOPLIST_FILE = Test3Tests/Info.plist;
				IPHONEOS_DEPLOYMENT_TARGET = 14.5;
				LD_RUNPATH_SEARCH_PATHS = (
					"$(inherited)",
					"@executable_path/Frameworks",
					"@loader_path/Frameworks",
				);
				PRODUCT_BUNDLE_IDENTIFIER = com.FPP.Test3Tests;
				PRODUCT_NAME = "$(TARGET_NAME)";
				SWIFT_VERSION = 5.0;
				TARGETED_DEVICE_FAMILY = "1,2";
				TEST_HOST = "$(BUILT_PRODUCTS_DIR)/Test3.app/Test3";
			};
			name = Debug;
		};
		1883E85D26E665EB006FF620 /* Release */ = {
			isa = XCBuildConfiguration;
			buildSettings = {
				ALWAYS_EMBED_SWIFT_STANDARD_LIBRARIES = YES;
				BUNDLE_LOADER = "$(TEST_HOST)";
				CODE_SIGN_STYLE = Automatic;
				DEVELOPMENT_TEAM = BA655UHKCD;
				INFOPLIST_FILE = Test3Tests/Info.plist;
				IPHONEOS_DEPLOYMENT_TARGET = 14.5;
				LD_RUNPATH_SEARCH_PATHS = (
					"$(inherited)",
					"@executable_path/Frameworks",
					"@loader_path/Frameworks",
				);
				PRODUCT_BUNDLE_IDENTIFIER = com.FPP.Test3Tests;
				PRODUCT_NAME = "$(TARGET_NAME)";
				SWIFT_VERSION = 5.0;
				TARGETED_DEVICE_FAMILY = "1,2";
				TEST_HOST = "$(BUILT_PRODUCTS_DIR)/Test3.app/Test3";
			};
			name = Release;
		};
		1883E85F26E665EB006FF620 /* Debug */ = {
			isa = XCBuildConfiguration;
			buildSettings = {
				ALWAYS_EMBED_SWIFT_STANDARD_LIBRARIES = YES;
				CODE_SIGN_STYLE = Automatic;
				DEVELOPMENT_TEAM = BA655UHKCD;
				INFOPLIST_FILE = Test3UITests/Info.plist;
				LD_RUNPATH_SEARCH_PATHS = (
					"$(inherited)",
					"@executable_path/Frameworks",
					"@loader_path/Frameworks",
				);
				PRODUCT_BUNDLE_IDENTIFIER = com.FPP.Test3UITests;
				PRODUCT_NAME = "$(TARGET_NAME)";
				SWIFT_VERSION = 5.0;
				TARGETED_DEVICE_FAMILY = "1,2";
				TEST_TARGET_NAME = Test3;
			};
			name = Debug;
		};
		1883E86026E665EB006FF620 /* Release */ = {
			isa = XCBuildConfiguration;
			buildSettings = {
				ALWAYS_EMBED_SWIFT_STANDARD_LIBRARIES = YES;
				CODE_SIGN_STYLE = Automatic;
				DEVELOPMENT_TEAM = BA655UHKCD;
				INFOPLIST_FILE = Test3UITests/Info.plist;
				LD_RUNPATH_SEARCH_PATHS = (
					"$(inherited)",
					"@executable_path/Frameworks",
					"@loader_path/Frameworks",
				);
				PRODUCT_BUNDLE_IDENTIFIER = com.FPP.Test3UITests;
				PRODUCT_NAME = "$(TARGET_NAME)";
				SWIFT_VERSION = 5.0;
				TARGETED_DEVICE_FAMILY = "1,2";
				TEST_TARGET_NAME = Test3;
			};
			name = Release;
		};
/* End XCBuildConfiguration section */

/* Begin XCConfigurationList section */
		1883E82926E665EA006FF620 /* Build configuration list for PBXProject "Test3" */ = {
			isa = XCConfigurationList;
			buildConfigurations = (
				1883E85626E665EB006FF620 /* Debug */,
				1883E85726E665EB006FF620 /* Release */,
			);
			defaultConfigurationIsVisible = 0;
			defaultConfigurationName = Release;
		};
		1883E85826E665EB006FF620 /* Build configuration list for PBXNativeTarget "Test3" */ = {
			isa = XCConfigurationList;
			buildConfigurations = (
				1883E85926E665EB006FF620 /* Debug */,
				1883E85A26E665EB006FF620 /* Release */,
			);
			defaultConfigurationIsVisible = 0;
			defaultConfigurationName = Release;
		};
		1883E85B26E665EB006FF620 /* Build configuration list for PBXNativeTarget "Test3Tests" */ = {
			isa = XCConfigurationList;
			buildConfigurations = (
				1883E85C26E665EB006FF620 /* Debug */,
				1883E85D26E665EB006FF620 /* Release */,
			);
			defaultConfigurationIsVisible = 0;
			defaultConfigurationName = Release;
		};
		1883E85E26E665EB006FF620 /* Build configuration list for PBXNativeTarget "Test3UITests" */ = {
			isa = XCConfigurationList;
			buildConfigurations = (
				1883E85F26E665EB006FF620 /* Debug */,
				1883E86026E665EB006FF620 /* Release */,
			);
			defaultConfigurationIsVisible = 0;
			defaultConfigurationName = Release;
		};
/* End XCConfigurationList section */
	};
	rootObject = 1883E82626E665EA006FF620 /* Project object */;
}
